
Microsoft Visual Studio Solution File, Format Version 12.00
# Visual Studio 15
VisualStudioVersion = 15.0.27004.2008
MinimumVisualStudioVersion = 10.0.40219.1
Project("{FAE04EC0-301F-11D3-BF4B-00C04F79EFBC}") = "DevelopmentInProgress.Origin", "..\origin\Projects\DevelopmentInProgress.Origin\DevelopmentInProgress.Origin.csproj", "{7BCE5D35-0443-4031-843A-3563356290E1}"
EndProject
Project("{FAE04EC0-301F-11D3-BF4B-00C04F79EFBC}") = "DevelopmentInProgress.ExecutorMonitor.Wpf", "DevelopmentInProgress.ExecutorMonitor.Wpf\DevelopmentInProgress.ExecutorMonitor.Wpf.csproj", "{57C2B774-A2BD-4152-A447-00FAACCC91FE}"
EndProject
Project("{9A19103F-16F7-4668-BE54-9A1E7A4F7556}") = "DipRunner", "..\dipexecutor\src\DipRunner\DipRunner.csproj", "{BD1ED47F-3870-429F-83CC-3BF0939939FB}"
EndProject
Project("{FAE04EC0-301F-11D3-BF4B-00C04F79EFBC}") = "DevelopmentInProgress.WPFControls", "..\wpfcontrols\DevelopmentInProgress.WPFControls\DevelopmentInProgress.WPFControls.csproj", "{5ACDC574-0F6F-48BC-AD2A-2F29BD7009FE}"
EndProject
Global
	GlobalSection(SolutionConfigurationPlatforms) = preSolution
		Debug|Any CPU = Debug|Any CPU
		Release|Any CPU = Release|Any CPU
	EndGlobalSection
	GlobalSection(ProjectConfigurationPlatforms) = postSolution
		{7BCE5D35-0443-4031-843A-3563356290E1}.Debug|Any CPU.ActiveCfg = Debug|Any CPU
		{7BCE5D35-0443-4031-843A-3563356290E1}.Debug|Any CPU.Build.0 = Debug|Any CPU
		{7BCE5D35-0443-4031-843A-3563356290E1}.Release|Any CPU.ActiveCfg = Release|Any CPU
		{7BCE5D35-0443-4031-843A-3563356290E1}.Release|Any CPU.Build.0 = Release|Any CPU
		{57C2B774-A2BD-4152-A447-00FAACCC91FE}.Debug|Any CPU.ActiveCfg = Debug|Any CPU
		{57C2B774-A2BD-4152-A447-00FAACCC91FE}.Debug|Any CPU.Build.0 = Debug|Any CPU
		{57C2B774-A2BD-4152-A447-00FAACCC91FE}.Release|Any CPU.ActiveCfg = Release|Any CPU
		{57C2B774-A2BD-4152-A447-00FAACCC91FE}.Release|Any CPU.Build.0 = Release|Any CPU
		{BD1ED47F-3870-429F-83CC-3BF0939939FB}.Debug|Any CPU.ActiveCfg = Debug|Any CPU
		{BD1ED47F-3870-429F-83CC-3BF0939939FB}.Debug|Any CPU.Build.0 = Debug|Any CPU
		{BD1ED47F-3870-429F-83CC-3BF0939939FB}.Release|Any CPU.ActiveCfg = Release|Any CPU
		{BD1ED47F-3870-429F-83CC-3BF0939939FB}.Release|Any CPU.Build.0 = Release|Any CPU
		{5ACDC574-0F6F-48BC-AD2A-2F29BD7009FE}.Debug|Any CPU.ActiveCfg = Debug|Any CPU
		{5ACDC574-0F6F-48BC-AD2A-2F29BD7009FE}.Debug|Any CPU.Build.0 = Debug|Any CPU
		{5ACDC574-0F6F-48BC-AD2A-2F29BD7009FE}.Release|Any CPU.ActiveCfg = Release|Any CPU
		{5ACDC574-0F6F-48BC-AD2A-2F29BD7009FE}.Release|Any CPU.Build.0 = Release|Any CPU
	EndGlobalSection
	GlobalSection(SolutionProperties) = preSolution
		HideSolutionNode = FALSE
	EndGlobalSection
	GlobalSection(ExtensibilityGlobals) = postSolution
		SolutionGuid = {A562CA08-F3EB-4E39-80A8-2805C5F80018}
	EndGlobalSection
EndGlobal
